
Microsoft Visual Studio Solution File, Format Version 12.00
# Visual Studio 15
VisualStudioVersion = 15.0.27703.2035
MinimumVisualStudioVersion = 10.0.40219.1
Project("{8BC9CEB8-8B4A-11D0-8D11-00A0C91BC942}") = "ric_lib", "ric_lib\ric_lib.vcxproj", "{A0854C7E-A77D-4E11-B83D-2436EE0DA42E}"
EndProject
Project("{8BC9CEB8-8B4A-11D0-8D11-00A0C91BC942}") = "ric_ui", "ric_ui\ric_ui.vcxproj", "{43D1621A-05A2-4C3B-942F-B8E511BB2696}"
EndProject
Global
	GlobalSection(SolutionConfigurationPlatforms) = preSolution
		Debug|x64 = Debug|x64
		Debug|x86 = Debug|x86
		Release|x64 = Release|x64
		Release|x86 = Release|x86
	EndGlobalSection
	GlobalSection(ProjectConfigurationPlatforms) = postSolution
		{A0854C7E-A77D-4E11-B83D-2436EE0DA42E}.Debug|x64.ActiveCfg = Debug|x64
		{A0854C7E-A77D-4E11-B83D-2436EE0DA42E}.Debug|x64.Build.0 = Debug|x64
		{A0854C7E-A77D-4E11-B83D-2436EE0DA42E}.Debug|x86.ActiveCfg = Debug|Win32
		{A0854C7E-A77D-4E11-B83D-2436EE0DA42E}.Debug|x86.Build.0 = Debug|Win32
		{A0854C7E-A77D-4E11-B83D-2436EE0DA42E}.Release|x64.ActiveCfg = Release|x64
		{A0854C7E-A77D-4E11-B83D-2436EE0DA42E}.Release|x64.Build.0 = Release|x64
		{A0854C7E-A77D-4E11-B83D-2436EE0DA42E}.Release|x86.ActiveCfg = Release|Win32
		{A0854C7E-A77D-4E11-B83D-2436EE0DA42E}.Release|x86.Build.0 = Release|Win32
		{43D1621A-05A2-4C3B-942F-B8E511BB2696}.Debug|x64.ActiveCfg = Debug|x64
		{43D1621A-05A2-4C3B-942F-B8E511BB2696}.Debug|x64.Build.0 = Debug|x64
		{43D1621A-05A2-4C3B-942F-B8E511BB2696}.Debug|x86.ActiveCfg = Debug|Win32
		{43D1621A-05A2-4C3B-942F-B8E511BB2696}.Debug|x86.Build.0 = Debug|Win32
		{43D1621A-05A2-4C3B-942F-B8E511BB2696}.Release|x64.ActiveCfg = Release|x64
		{43D1621A-05A2-4C3B-942F-B8E511BB2696}.Release|x64.Build.0 = Release|x64
		{43D1621A-05A2-4C3B-942F-B8E511BB2696}.Release|x86.ActiveCfg = Release|Win32
		{43D1621A-05A2-4C3B-942F-B8E511BB2696}.Release|x86.Build.0 = Release|Win32
	EndGlobalSection
	GlobalSection(SolutionProperties) = preSolution
		HideSolutionNode = FALSE
	EndGlobalSection
	GlobalSection(ExtensibilityGlobals) = postSolution
		SolutionGuid = {0B2E432B-372F-4935-B7DD-8D26D27269C7}
	EndGlobalSection
EndGlobal
